{
  "pins" : [
    {
      "identity" : "demo-action-child",
      "kind" : "remoteSourceControl",
      "location" : "https://github.com/Playrom/demo-action-child.git",
      "state" : {
        "branch" : "main",
        "revision" : "a55541c0ae1f7b2e0a5423e8102bb218e798f61a"
      }
    }
  ],
  "version" : 2
}
